lockVersion: 2.0.0
id: 7c23840f-645f-4067-8e26-e296b6caf16b
management:
  docChecksum: ffc41a2dd879a962fd2050239aab556e
  docVersion: V2
  speakeasyVersion: 1.529.1
  generationVersion: 2.566.5
  releaseVersion: 2.2.2
  configChecksum: acc77dd7e87a4ed88d07f5edeff13744
  repoURL: https://github.com/comfy-deploy/comfy-deploy-ts.git
  installationURL: https://github.com/comfy-deploy/comfy-deploy-ts
  published: true
features:
  typescript:
    additionalDependencies: 0.1.0
    constsAndDefaults: 0.1.11
    core: 3.21.5
    defaultEnabledRetries: 0.1.0
    devContainers: 2.90.0
    enumUnions: 0.1.0
    envVarSecurityUsage: 0.1.2
    globalSecurity: 2.82.13
    globalSecurityCallbacks: 0.1.0
    globalSecurityFlattening: 0.1.0
    globalServerURLs: 2.82.4
    groups: 2.81.2
    mcpServer: 0.9.0
    nameOverrides: 2.81.2
    nullables: 0.1.1
    reactQueryHooks: 0.2.3
    responseFormat: 0.2.3
    retries: 2.83.0
    sdkHooks: 0.2.0
    unions: 2.85.8
    webhookHandlers: 0.1.0
    webhooks: 1.5.0
generatedFiles:
  - .devcontainer/README.md
  - .devcontainer/devcontainer.json
  - .devcontainer/setup.sh
  - .gitattributes
  - .npmignore
  - FUNCTIONS.md
  - REACT_QUERY.md
  - RUNTIMES.md
  - USAGE.md
  - docs/lib/utils/retryconfig.md
  - docs/models/components/createrunresponse.md
  - docs/models/components/data.md
  - docs/models/components/deploymentrunrequest.md
  - docs/models/components/gpu.md
  - docs/models/components/inputs.md
  - docs/models/components/loc.md
  - docs/models/components/mediaitem.md
  - docs/models/components/security.md
  - docs/models/components/validationerror.md
  - docs/models/components/workflowrunmodel.md
  - docs/models/components/workflowrunoutputmodel.md
  - docs/models/components/workflowrunstatus.md
  - docs/models/components/workflowrunwebhookbody.md
  - docs/models/components/workflowrunwebhookresponse.md
  - docs/models/errors/httpvalidationerror.md
  - docs/models/operations/cancelrunrunrunidcancelpostrequest.md
  - docs/models/operations/getrunrunrunidgetrequest.md
  - docs/sdks/callbacks/README.md
  - docs/sdks/comfydeploy/README.md
  - docs/sdks/deployment/README.md
  - docs/sdks/run/README.md
  - eslint.config.mjs
  - jsr.json
  - package.json
  - src/core.ts
  - src/funcs/callbacksRunUpdateRequestBodyWebhookPost.ts
  - src/funcs/runCancel.ts
  - src/funcs/runDeploymentQueue.ts
  - src/funcs/runGet.ts
  - src/funcs/validateWebhook.ts
  - src/hooks/hooks.ts
  - src/hooks/index.ts
  - src/hooks/types.ts
  - src/index.ts
  - src/lib/base64.ts
  - src/lib/config.ts
  - src/lib/dlv.ts
  - src/lib/encodings.ts
  - src/lib/files.ts
  - src/lib/http.ts
  - src/lib/is-plain-object.ts
  - src/lib/logger.ts
  - src/lib/matchers.ts
  - src/lib/primitives.ts
  - src/lib/retries.ts
  - src/lib/schemas.ts
  - src/lib/sdks.ts
  - src/lib/security.ts
  - src/lib/url.ts
  - src/mcp-server/build.mts
  - src/mcp-server/cli.ts
  - src/mcp-server/cli/start/command.ts
  - src/mcp-server/cli/start/impl.ts
  - src/mcp-server/console-logger.ts
  - src/mcp-server/extensions.ts
  - src/mcp-server/mcp-server.ts
  - src/mcp-server/prompts.ts
  - src/mcp-server/resources.ts
  - src/mcp-server/scopes.ts
  - src/mcp-server/server.ts
  - src/mcp-server/shared.ts
  - src/mcp-server/tools.ts
  - src/mcp-server/tools/runCancel.ts
  - src/mcp-server/tools/runDeploymentQueue.ts
  - src/mcp-server/tools/runGet.ts
  - src/models/components/createrunresponse.ts
  - src/models/components/deploymentrunrequest.ts
  - src/models/components/index.ts
  - src/models/components/mediaitem.ts
  - src/models/components/security.ts
  - src/models/components/validationerror.ts
  - src/models/components/workflowrunmodel.ts
  - src/models/components/workflowrunoutputmodel.ts
  - src/models/components/workflowrunstatus.ts
  - src/models/components/workflowrunwebhookbody.ts
  - src/models/components/workflowrunwebhookresponse.ts
  - src/models/errors/httpclienterrors.ts
  - src/models/errors/httpvalidationerror.ts
  - src/models/errors/index.ts
  - src/models/errors/sdkerror.ts
  - src/models/errors/sdkvalidationerror.ts
  - src/models/operations/cancelrunrunrunidcancelpost.ts
  - src/models/operations/getrunrunrunidget.ts
  - src/models/operations/index.ts
  - src/react-query/_context.tsx
  - src/react-query/_types.ts
  - src/react-query/index.ts
  - src/react-query/runCancel.ts
  - src/react-query/runDeploymentQueue.ts
  - src/react-query/runGet.ts
  - src/sdk/callbacks.ts
  - src/sdk/deployment.ts
  - src/sdk/index.ts
  - src/sdk/run.ts
  - src/sdk/sdk.ts
  - src/types/async.ts
  - src/types/blobs.ts
  - src/types/constdatetime.ts
  - src/types/enums.ts
  - src/types/fp.ts
  - src/types/index.ts
  - src/types/operations.ts
  - src/types/rfcdate.ts
  - src/types/streams.ts
  - src/types/webhooks.ts
  - tsconfig.json
examples:
  get_run_run__run_id__get:
    speakeasy-default-get-run-run-run-id-get:
      parameters:
        path:
          run_id: "b888f774-3e7c-4135-a18c-6b985523c4bc"
      responses:
        "200":
          application/json: {"id": "e50f7622-81da-484b-9c66-1c8a99c6b71b", "workflow_version_id": "ecd62b8f-7112-4aaf-90ab-4e43b4cca371", "workflow_inputs": "<value>", "workflow_id": "f620807a-a1f8-4cf0-95d8-9d58ee381f6b", "workflow_api": "<value>", "machine_id": "b885c09d-541c-4293-b683-64a15f8d7e75", "origin": "<value>", "status": "<value>", "created_at": "2024-02-02T12:01:38.576Z", "updated_at": "2023-04-16T15:25:27.950Z", "gpu_event_id": "<id>", "gpu": "<value>", "machine_version": "<value>", "machine_type": "<value>", "modal_function_call_id": "<id>", "user_id": "<id>", "org_id": "<id>", "live_status": "<value>", "progress": 0, "is_realtime": false, "webhook": "<value>", "webhook_status": "<value>", "webhook_intermediate_status": false}
        "422":
          application/json: {}
  cancel_run_run__run_id__cancel_post:
    speakeasy-default-cancel-run-run-run-id-cancel-post:
      parameters:
        path:
          run_id: "<id>"
      responses:
        "200":
          application/json: "<value>"
        "422":
          application/json: {}
  queue_deployment_run_run_deployment_queue_post:
    speakeasy-default-queue-deployment-run-run-deployment-queue-post:
      requestBody:
        application/json: {"inputs": {"prompt": "A beautiful landscape", "seed": 42}, "webhook": "https://myapp.com/webhook", "webhook_intermediate_status": true, "flags": ["runpod_v2"], "deployment_id": "15e79589-12c9-453c-a41a-348fdd7de957"}
      responses:
        "200":
          application/json: {"run_id": "03ec31b2-4d0d-4329-88ff-ac74003017b7"}
        "422":
          application/json: {}
  run_update__request_body__webhook__post:
    speakeasy-default-run-update-request-body-webhook-post:
      requestBody:
        application/json: {"run_id": "<id>", "status": "success", "live_status": "<value>", "progress": 0}
      responses:
        "200":
          application/json: {"status": "<value>"}
        "422":
          application/json: {}
examplesVersion: 1.0.1
generatedTests: {}
