lockVersion: 2.0.0
id: 7c23840f-645f-4067-8e26-e296b6caf16b
management:
  docChecksum: 48535872e4e9147f03452c4c011b0aed
  docVersion: 0.0.1
  speakeasyVersion: 1.335.2
  generationVersion: 2.372.3
  releaseVersion: 0.0.17-beta
  configChecksum: dea9c7c11a72850bdf03f3dd3bea4a5d
  repoURL: https://github.com/comfy-deploy/comfy-deploy-ts.git
  installationURL: https://github.com/comfy-deploy/comfy-deploy-ts
  published: true
features:
  typescript:
    additionalDependencies: 0.1.0
    constsAndDefaults: 0.1.5
    core: 3.11.6
    defaultEnabledRetries: 0.1.0
    devContainers: 2.90.0
    globalSecurity: 2.82.9
    globalSecurityCallbacks: 0.1.0
    globalSecurityFlattening: 0.1.0
    globalServerURLs: 2.82.4
    nullables: 0.1.0
    responseFormat: 0.2.3
    retries: 2.83.0
    sdkHooks: 0.1.0
    unions: 2.85.5
generatedFiles:
  - src/sdk/workflows.ts
  - src/sdk/files.ts
  - src/sdk/comfyui.ts
  - src/sdk/machines.ts
  - src/sdk/sdk.ts
  - .eslintrc.cjs
  - .npmignore
  - RUNTIMES.md
  - jsr.json
  - package.json
  - src/index.ts
  - src/lib/base64.ts
  - src/lib/config.ts
  - src/lib/encodings.ts
  - src/lib/http.ts
  - src/lib/is-plain-object.ts
  - src/lib/primitives.ts
  - src/lib/retries.ts
  - src/lib/schemas.ts
  - src/lib/sdks.ts
  - src/lib/security.ts
  - src/lib/url.ts
  - src/sdk/index.ts
  - src/models/errors/sdkerror.ts
  - src/models/errors/sdkvalidationerror.ts
  - src/types/blobs.ts
  - src/types/enums.ts
  - src/types/index.ts
  - src/types/operations.ts
  - src/types/rfcdate.ts
  - tsconfig.json
  - src/models/operations/getapirun.ts
  - src/models/operations/postapirun.ts
  - src/models/operations/getapiwebsocketdeploymentid.ts
  - src/models/operations/postapimachineendpoint.ts
  - src/models/operations/getapiv1workflows.ts
  - src/models/operations/postapiv1workflows.ts
  - src/models/operations/getapiv1workflowsworkflowid.ts
  - src/models/operations/getapiv1workflowsworkflowidoutputs.ts
  - src/models/operations/getapiuploadurl.ts
  - src/models/operations/getapiauthresponserequestid.ts
  - src/models/operations/postapiworkflow.ts
  - src/models/operations/getapiworkflowversionversionid.ts
  - src/models/operations/getapiworkflowid.ts
  - src/models/operations/getapideploymentidinputs.ts
  - src/models/operations/getapideployment.ts
  - src/models/operations/postapigpuevent.ts
  - src/models/operations/getapiv1machines.ts
  - src/models/operations/postapiv1machines.ts
  - src/models/operations/getapiv1machinesmachineid.ts
  - src/models/errors/getapirun.ts
  - src/models/errors/postapirun.ts
  - src/models/errors/getapiwebsocketdeploymentid.ts
  - src/models/errors/postapimachineendpoint.ts
  - src/models/errors/getapiv1workflows.ts
  - src/models/errors/postapiv1workflows.ts
  - src/models/errors/getapiv1workflowsworkflowid.ts
  - src/models/errors/getapiv1workflowsworkflowidoutputs.ts
  - src/models/errors/getapiuploadurl.ts
  - src/models/errors/getapiauthresponserequestid.ts
  - src/models/errors/postapiworkflow.ts
  - src/models/errors/getapiworkflowversionversionid.ts
  - src/models/errors/getapiworkflowid.ts
  - src/models/errors/getapideploymentidinputs.ts
  - src/models/errors/getapideployment.ts
  - src/models/errors/postapigpuevent.ts
  - src/models/errors/getapiv1machines.ts
  - src/models/errors/postapiv1machines.ts
  - src/models/errors/getapiv1machinesmachineid.ts
  - src/models/components/security.ts
  - src/models/errors/index.ts
  - src/models/operations/index.ts
  - src/models/components/index.ts
  - docs/models/operations/getapirunrequest.md
  - docs/models/operations/workflowinputs.md
  - docs/models/operations/getapirunworkflowapi.md
  - docs/models/operations/origin.md
  - docs/models/operations/status.md
  - docs/models/operations/getapirungpu.md
  - docs/models/operations/machinetype.md
  - docs/models/operations/runlog.md
  - docs/models/operations/webhookstatus.md
  - docs/models/operations/getapirunresponsebody.md
  - docs/models/operations/gpu.md
  - docs/models/operations/inputs.md
  - docs/models/operations/runorigin.md
  - docs/models/operations/postapirunrequestbody.md
  - docs/models/operations/postapirunresponsebody.md
  - docs/models/operations/getapiwebsocketdeploymentidrequest.md
  - docs/models/operations/getapiwebsocketdeploymentidresponsebody.md
  - docs/models/operations/postapimachineendpointrequestbody.md
  - docs/models/operations/postapimachineendpointresponsebody.md
  - docs/models/operations/getapiv1workflowsrequest.md
  - docs/models/operations/user.md
  - docs/models/operations/versions.md
  - docs/models/operations/getapiv1workflowsresponsebody.md
  - docs/models/operations/workflowjson.md
  - docs/models/operations/postapiv1workflowsrequestbody.md
  - docs/models/operations/postapiv1workflowsresponsebody.md
  - docs/models/operations/getapiv1workflowsworkflowidrequest.md
  - docs/models/operations/getapiv1workflowsworkflowidversions.md
  - docs/models/operations/getapiv1workflowsworkflowidresponsebody.md
  - docs/models/operations/queryparamrunorigin.md
  - docs/models/operations/getapiv1workflowsworkflowidoutputsrequest.md
  - docs/models/operations/outputs.md
  - docs/models/operations/getapiv1workflowsworkflowidoutputsresponsebody.md
  - docs/models/operations/type.md
  - docs/models/operations/getapiuploadurlrequest.md
  - docs/models/operations/getapiuploadurlresponsebody.md
  - docs/models/operations/getapiauthresponserequestidrequest.md
  - docs/models/operations/getapiauthresponserequestidcomfyuiresponsebody.md
  - docs/models/operations/getapiauthresponserequestidresponsebody.md
  - docs/models/operations/getapiauthresponserequestidresponse.md
  - docs/models/operations/workflowapi.md
  - docs/models/operations/gitcustomnodes.md
  - docs/models/operations/snapshot.md
  - docs/models/operations/node.md
  - docs/models/operations/one.md
  - docs/models/operations/installtype.md
  - docs/models/operations/customnodes.md
  - docs/models/operations/models.md
  - docs/models/operations/files.md
  - docs/models/operations/dependencies.md
  - docs/models/operations/postapiworkflowrequestbody.md
  - docs/models/operations/postapiworkflowresponsebody.md
  - docs/models/operations/getapiworkflowversionversionidrequest.md
  - docs/models/operations/workflow.md
  - docs/models/operations/getapiworkflowversionversionidworkflowapi.md
  - docs/models/operations/getapiworkflowversionversionidsnapshot.md
  - docs/models/operations/getapiworkflowversionversioniddependencies.md
  - docs/models/operations/getapiworkflowversionversionidresponsebody.md
  - docs/models/operations/getapiworkflowidrequest.md
  - docs/models/operations/getapiworkflowidworkflow.md
  - docs/models/operations/getapiworkflowidworkflowapi.md
  - docs/models/operations/getapiworkflowidsnapshot.md
  - docs/models/operations/getapiworkflowiddependencies.md
  - docs/models/operations/getapiworkflowidresponsebody.md
  - docs/models/operations/getapideploymentidinputsrequest.md
  - docs/models/operations/responsebody.md
  - docs/models/operations/environment.md
  - docs/models/operations/getapideploymentrequest.md
  - docs/models/operations/getapideploymentresponsebody.md
  - docs/models/operations/gputype.md
  - docs/models/operations/wsgputype.md
  - docs/models/operations/eventtype.md
  - docs/models/operations/gpuprovider.md
  - docs/models/operations/postapigpueventrequestbody.md
  - docs/models/operations/postapigpueventresponsebody.md
  - docs/models/operations/fields.md
  - docs/models/operations/getapiv1machinesrequest.md
  - docs/models/operations/machines.md
  - docs/models/operations/getapiv1machinesresponsebody.md
  - docs/models/operations/postapiv1machinesrequestbody.md
  - docs/models/operations/postapiv1machinestype.md
  - docs/models/operations/postapiv1machinesstatus.md
  - docs/models/operations/postapiv1machinesgpu.md
  - docs/models/operations/postapiv1machinesresponsebody.md
  - docs/models/operations/getapiv1machinesmachineidrequest.md
  - docs/models/operations/getapiv1machinesmachineidresponsebody.md
  - docs/models/errors/getapirunworkflowsresponsebody.md
  - docs/models/errors/getapirunresponsebody.md
  - docs/models/errors/postapirunresponsebody.md
  - docs/models/errors/getapiwebsocketdeploymentidresponsebody.md
  - docs/models/errors/postapimachineendpointresponsebody.md
  - docs/models/errors/getapiv1workflowsresponsebody.md
  - docs/models/errors/postapiv1workflowsresponsebody.md
  - docs/models/errors/getapiv1workflowsworkflowidresponsebody.md
  - docs/models/errors/getapiv1workflowsworkflowidoutputsresponsebody.md
  - docs/models/errors/getapiuploadurlresponsebody.md
  - docs/models/errors/getapiauthresponserequestidresponsebody.md
  - docs/models/errors/postapiworkflowresponsebody.md
  - docs/models/errors/getapiworkflowversionversionidresponsebody.md
  - docs/models/errors/getapiworkflowidresponsebody.md
  - docs/models/errors/getapideploymentidinputsresponsebody.md
  - docs/models/errors/getapideploymentresponsebody.md
  - docs/models/errors/postapigpueventresponsebody.md
  - docs/models/errors/getapiv1machinesresponsebody.md
  - docs/models/errors/postapiv1machinesresponsebody.md
  - docs/models/errors/getapiv1machinesmachineidresponsebody.md
  - docs/models/components/security.md
  - docs/sdks/comfydeploy/README.md
  - docs/lib/utils/retryconfig.md
  - docs/sdks/workflows/README.md
  - docs/sdks/files/README.md
  - docs/sdks/comfyui/README.md
  - docs/sdks/machines/README.md
  - USAGE.md
  - .gitattributes
  - .devcontainer/README.md
  - .devcontainer/devcontainer.json
  - .devcontainer/setup.sh
  - src/hooks/hooks.ts
  - src/hooks/types.ts
  - src/hooks/index.ts
