speakeasyVersion: 1.358.0
sources:
    comfydeploy-api:
        sourceNamespace: comfydeploy-api
        sourceRevisionDigest: sha256:7fda287c99cbb79684294c40c378aa88acafe3fd9b388a061f684f2d04e10ad0
        sourceBlobDigest: sha256:58ba8368a32bb0a740a62bb70832996563a60f9b77688f0645d51f35ecb1c081
        tags:
            - latest
            - main
targets:
    comfy-deploy:
        source: comfydeploy-api
        sourceNamespace: comfydeploy-api
        sourceRevisionDigest: sha256:d73615c135cb6a657032725013f5462880b56eef7adc0d75ebed76d806f1d904
        sourceBlobDigest: sha256:cb58cc3dd51f13f4dadf7853d8361f94a97efaa25e26045d869fdc28dc65a7e7
        outLocation: /github/workspace/repo
    comfydeploy:
        source: comfydeploy-api
        sourceNamespace: comfydeploy-api
        sourceRevisionDigest: sha256:7fda287c99cbb79684294c40c378aa88acafe3fd9b388a061f684f2d04e10ad0
        sourceBlobDigest: sha256:58ba8368a32bb0a740a62bb70832996563a60f9b77688f0645d51f35ecb1c081
        codeSamplesNamespace: code-samples-typescript-comfydeploy
        codeSamplesRevisionDigest: sha256:4acfa793334881db6d002c0ceca749c78941a5755a97bf67ea0f541d7de2b338
        outLocation: /github/workspace/repo
workflow:
    workflowVersion: 1.0.0
    speakeasyVersion: latest
    sources:
        comfydeploy-api:
            inputs:
                - location: https://www.comfydeploy.com/api
            registry:
                location: registry.speakeasyapi.dev/comfydeploy/comfydeploy/comfydeploy-api
    targets:
        comfydeploy:
            target: typescript
            source: comfydeploy-api
            codeSamples:
                output: codeSamples.yaml
                registry:
                    location: registry.speakeasyapi.dev/comfydeploy/comfydeploy/code-samples-typescript-comfydeploy
