speakeasyVersion: 1.335.2
sources:
    comfydeploy-api:
        sourceNamespace: comfydeploy-api
        sourceRevisionDigest: sha256:c445848240efaa4c6cc74de2f9dfc36c1e9f6cfbe78299ef95854b340954324e
        sourceBlobDigest: sha256:8d83920fb5ffbc3c00e2287f2f94e6e603000840fd9ad8d993240db065e018dd
        tags:
            - latest
            - main
targets:
    comfy-deploy:
        source: comfydeploy-api
        sourceNamespace: comfydeploy-api
        sourceRevisionDigest: sha256:d73615c135cb6a657032725013f5462880b56eef7adc0d75ebed76d806f1d904
        sourceBlobDigest: sha256:cb58cc3dd51f13f4dadf7853d8361f94a97efaa25e26045d869fdc28dc65a7e7
        outLocation: /github/workspace/repo
    comfydeploy:
        source: comfydeploy-api
        sourceNamespace: comfydeploy-api
        sourceRevisionDigest: sha256:c445848240efaa4c6cc74de2f9dfc36c1e9f6cfbe78299ef95854b340954324e
        sourceBlobDigest: sha256:8d83920fb5ffbc3c00e2287f2f94e6e603000840fd9ad8d993240db065e018dd
        outLocation: /github/workspace/repo
workflow:
    workflowVersion: 1.0.0
    speakeasyVersion: latest
    sources:
        comfydeploy-api:
            inputs:
                - location: https://www.comfydeploy.com/api/doc
            registry:
                location: registry.speakeasyapi.dev/comfydeploy/comfydeploy/comfydeploy-api
    targets:
        comfydeploy:
            target: typescript
            source: comfydeploy-api
