speakeasyVersion: 1.366.0
sources:
    comfydeploy-api:
        sourceNamespace: comfydeploy-api
        sourceRevisionDigest: sha256:eb20030c421f04dcefb71096e96c4205b1955a2eef6bb25bd2b0ea1336157676
        sourceBlobDigest: sha256:c2931303212c8db02bc23780b2efbaf04c1cfe61b513feeb6d3643f5c989a95a
        tags:
            - latest
targets:
    comfy-deploy:
        source: comfydeploy-api
        sourceNamespace: comfydeploy-api
        sourceRevisionDigest: sha256:d73615c135cb6a657032725013f5462880b56eef7adc0d75ebed76d806f1d904
        sourceBlobDigest: sha256:cb58cc3dd51f13f4dadf7853d8361f94a97efaa25e26045d869fdc28dc65a7e7
        outLocation: /github/workspace/repo
    comfydeploy:
        source: comfydeploy-api
        sourceNamespace: comfydeploy-api
        sourceRevisionDigest: sha256:eb20030c421f04dcefb71096e96c4205b1955a2eef6bb25bd2b0ea1336157676
        sourceBlobDigest: sha256:c2931303212c8db02bc23780b2efbaf04c1cfe61b513feeb6d3643f5c989a95a
        codeSamplesNamespace: code-samples-typescript-comfydeploy
        codeSamplesRevisionDigest: sha256:3731a3e6fb8dfe74c9c85f7de203f18b01811da093f9a04e8d4d9e65a72208d4
        outLocation: /Users/bennykok/Documents/GitHub/comfy-deploy-ts
workflow:
    workflowVersion: 1.0.0
    speakeasyVersion: latest
    sources:
        comfydeploy-api:
            inputs:
                - location: https://www.comfydeploy.com/api
            registry:
                location: registry.speakeasyapi.dev/comfydeploy/comfydeploy/comfydeploy-api
    targets:
        comfydeploy:
            target: typescript
            source: comfydeploy-api
            codeSamples:
                output: codeSamples.yaml
                registry:
                    location: registry.speakeasyapi.dev/comfydeploy/comfydeploy/code-samples-typescript-comfydeploy
